
Microsoft Visual Studio Solution File, Format Version 12.00
# Visual Studio Version 16
VisualStudioVersion = 16.0.29424.173
MinimumVisualStudioVersion = 10.0.40219.1
Project("{FAE04EC0-301F-11D3-BF4B-00C04F79EFBC}") = "MySql.Web", "MySql.Web.csproj", "{45262C94-269C-4F2C-8DAD-4CAA2C9389D4}"
EndProject
Global
	GlobalSection(SolutionConfigurationPlatforms) = preSolution
		Debug|Any CPU = Debug|Any CPU
		Release|Any CPU = Release|Any CPU
	EndGlobalSection
	GlobalSection(ProjectConfigurationPlatforms) = postSolution
		{45262C94-269C-4F2C-8DAD-4CAA2C9389D4}.Debug|Any CPU.ActiveCfg = Debug|Any CPU
		{45262C94-269C-4F2C-8DAD-4CAA2C9389D4}.Debug|Any CPU.Build.0 = Debug|Any CPU
		{45262C94-269C-4F2C-8DAD-4CAA2C9389D4}.Release|Any CPU.ActiveCfg = Release|Any CPU
		{45262C94-269C-4F2C-8DAD-4CAA2C9389D4}.Release|Any CPU.Build.0 = Release|Any CPU
	EndGlobalSection
	GlobalSection(SolutionProperties) = preSolution
		HideSolutionNode = FALSE
	EndGlobalSection
	GlobalSection(ExtensibilityGlobals) = postSolution
		SolutionGuid = {2BD5E553-A7C0-4750-B788-29966B866766}
	EndGlobalSection
EndGlobal
